// !$*UTF8*$!
{
	archiveVersion = 1;
	classes = {
	};
	objectVersion = 56;
	objects = {

/* Begin PBXBuildFile section */
		A80AA18C2D32740300402AE6 /* ChatAppApp.swift in Sources */ = {isa = PBXBuildFile; fileRef = A80AA18B2D32740300402AE6 /* ChatAppApp.swift */; };
		A80AA18E2D32740300402AE6 /* LoginView.swift in Sources */ = {isa = PBXBuildFile; fileRef = A80AA18D2D32740300402AE6 /* LoginView.swift */; };
		A80AA1902D32740400402AE6 /* Assets.xcassets in Resources */ = {isa = PBXBuildFile; fileRef = A80AA18F2D32740400402AE6 /* Assets.xcassets */; };
		A80AA1932D32740400402AE6 /* Preview Assets.xcassets in Resources */ = {isa = PBXBuildFile; fileRef = A80AA1922D32740400402AE6 /* Preview Assets.xcassets */; };
		A80AA19C2D335F2B00402AE6 /* ChatUser.swift in Sources */ = {isa = PBXBuildFile; fileRef = A80AA19B2D335F2B00402AE6 /* ChatUser.swift */; };
		A80AA1A02D36540F00402AE6 /* FirebaseAuth in Frameworks */ = {isa = PBXBuildFile; productRef = A80AA19F2D36540F00402AE6 /* FirebaseAuth */; };
		A80AA1A22D36540F00402AE6 /* FirebaseCore in Frameworks */ = {isa = PBXBuildFile; productRef = A80AA1A12D36540F00402AE6 /* FirebaseCore */; };
		A80AA1A42D36540F00402AE6 /* FirebaseStorage in Frameworks */ = {isa = PBXBuildFile; productRef = A80AA1A32D36540F00402AE6 /* FirebaseStorage */; };
		A80AA1A62D369BEB00402AE6 /* GoogleService-Info.plist in Resources */ = {isa = PBXBuildFile; fileRef = A80AA1A52D369BEB00402AE6 /* GoogleService-Info.plist */; };
		A80AA1A92D37540800402AE6 /* LoginViewModel.swift in Sources */ = {isa = PBXBuildFile; fileRef = A80AA1A82D37540800402AE6 /* LoginViewModel.swift */; };
		A80AA1AB2D3B657600402AE6 /* AuthManager.swift in Sources */ = {isa = PBXBuildFile; fileRef = A80AA1AA2D3B657600402AE6 /* AuthManager.swift */; };
		A80AA1AD2D3E916900402AE6 /* StorageManager.swift in Sources */ = {isa = PBXBuildFile; fileRef = A80AA1AC2D3E916900402AE6 /* StorageManager.swift */; };
		A80AA1B12D43F62F00402AE6 /* FirebaseAuthCombine-Community in Frameworks */ = {isa = PBXBuildFile; productRef = A80AA1B02D43F62F00402AE6 /* FirebaseAuthCombine-Community */; };
		A80AA1B32D43F62F00402AE6 /* FirebaseFirestore in Frameworks */ = {isa = PBXBuildFile; productRef = A80AA1B22D43F62F00402AE6 /* FirebaseFirestore */; };
		A80AA1B52D43F62F00402AE6 /* FirebaseFirestoreCombine-Community in Frameworks */ = {isa = PBXBuildFile; productRef = A80AA1B42D43F62F00402AE6 /* FirebaseFirestoreCombine-Community */; };
		A80AA1B72D43F62F00402AE6 /* FirebaseStorageCombine-Community in Frameworks */ = {isa = PBXBuildFile; productRef = A80AA1B62D43F62F00402AE6 /* FirebaseStorageCombine-Community */; };
		A80AA1B92D44B60000402AE6 /* DatabaseManager.swift in Sources */ = {isa = PBXBuildFile; fileRef = A80AA1B82D44B60000402AE6 /* DatabaseManager.swift */; };
		A80AA1BB2D50F6EC00402AE6 /* MessageListView.swift in Sources */ = {isa = PBXBuildFile; fileRef = A80AA1BA2D50F6EC00402AE6 /* MessageListView.swift */; };
		A80AA1C02D52318C00402AE6 /* HomeTabView.swift in Sources */ = {isa = PBXBuildFile; fileRef = A80AA1BF2D52318C00402AE6 /* HomeTabView.swift */; };
		A80AA1C22D5238AA00402AE6 /* FriendListView.swift in Sources */ = {isa = PBXBuildFile; fileRef = A80AA1C12D5238AA00402AE6 /* FriendListView.swift */; };
		A80AA1C42D526A3F00402AE6 /* MessageListViewModel.swift in Sources */ = {isa = PBXBuildFile; fileRef = A80AA1C32D526A3F00402AE6 /* MessageListViewModel.swift */; };
		A82755752D54611F00D9E8A8 /* SettingViewModel.swift in Sources */ = {isa = PBXBuildFile; fileRef = A82755742D54611F00D9E8A8 /* SettingViewModel.swift */; };
		A83355D42D8332D1000B1ECA /* FriendListViewModel.swift in Sources */ = {isa = PBXBuildFile; fileRef = A83355D32D8332D1000B1ECA /* FriendListViewModel.swift */; };
		A83355D62D85B5DE000B1ECA /* SwipeAction.swift in Sources */ = {isa = PBXBuildFile; fileRef = A83355D52D85B5DE000B1ECA /* SwipeAction.swift */; };
		A84A89CE2D72D4D300EA053F /* EditUserInfoView.swift in Sources */ = {isa = PBXBuildFile; fileRef = A84A89CD2D72D4D200EA053F /* EditUserInfoView.swift */; };
		A8670B602D833222007692FC /* DateFotmat.swift in Sources */ = {isa = PBXBuildFile; fileRef = A8670B5D2D833222007692FC /* DateFotmat.swift */; };
		A8670B612D833222007692FC /* ScrollView.swift in Sources */ = {isa = PBXBuildFile; fileRef = A8670B5E2D833222007692FC /* ScrollView.swift */; };
		A8670B632D833253007692FC /* ChatMessage.swift in Sources */ = {isa = PBXBuildFile; fileRef = A8670B622D833253007692FC /* ChatMessage.swift */; };
		A8670B672D83326C007692FC /* SettingView.swift in Sources */ = {isa = PBXBuildFile; fileRef = A8670B642D83326C007692FC /* SettingView.swift */; };
		A8670B682D83326C007692FC /* ProfileView.swift in Sources */ = {isa = PBXBuildFile; fileRef = A8670B652D83326C007692FC /* ProfileView.swift */; };
		A8670B692D83326C007692FC /* NewMessageView.swift in Sources */ = {isa = PBXBuildFile; fileRef = A8670B662D83326C007692FC /* NewMessageView.swift */; };
		A8E60A842D57B2230030A203 /* NewMessageViewModel.swift in Sources */ = {isa = PBXBuildFile; fileRef = A8E60A832D57B2230030A203 /* NewMessageViewModel.swift */; };
		A8E60A872D58F42A0030A203 /* SDWebImage in Frameworks */ = {isa = PBXBuildFile; productRef = A8E60A862D58F42A0030A203 /* SDWebImage */; };
		A8E60A892D58F42A0030A203 /* SDWebImageMapKit in Frameworks */ = {isa = PBXBuildFile; productRef = A8E60A882D58F42A0030A203 /* SDWebImageMapKit */; };
		A8E60A8B2D5900640030A203 /* RegistrationView.swift in Sources */ = {isa = PBXBuildFile; fileRef = A8E60A8A2D5900640030A203 /* RegistrationView.swift */; };
		A8E60A8E2D5B9B380030A203 /* SDWebImageSwiftUI in Frameworks */ = {isa = PBXBuildFile; productRef = A8E60A8D2D5B9B380030A203 /* SDWebImageSwiftUI */; };
		A8E60A902D5BCC0B0030A203 /* ChatLogView.swift in Sources */ = {isa = PBXBuildFile; fileRef = A8E60A8F2D5BCC0B0030A203 /* ChatLogView.swift */; };
		A8E60A922D5FA0CA0030A203 /* ChatLogViewModel.swift in Sources */ = {isa = PBXBuildFile; fileRef = A8E60A912D5FA0CA0030A203 /* ChatLogViewModel.swift */; };
		A8E60A972D651E260030A203 /* FirebaseFunctions in Frameworks */ = {isa = PBXBuildFile; productRef = A8E60A962D651E260030A203 /* FirebaseFunctions */; };
		A8E60A992D651E260030A203 /* FirebaseFunctionsCombine-Community in Frameworks */ = {isa = PBXBuildFile; productRef = A8E60A982D651E260030A203 /* FirebaseFunctionsCombine-Community */; };
/* End PBXBuildFile section */

/* Begin PBXFileReference section */
		A80AA1882D32740300402AE6 /* ChatApp.app */ = {isa = PBXFileReference; explicitFileType = wrapper.application; includeInIndex = 0; path = ChatApp.app; sourceTree = BUILT_PRODUCTS_DIR; };
		A80AA18B2D32740300402AE6 /* ChatAppApp.swift */ = {isa = PBXFileReference; lastKnownFileType = sourcecode.swift; path = ChatAppApp.swift; sourceTree = "<group>"; };
		A80AA18D2D32740300402AE6 /* LoginView.swift */ = {isa = PBXFileReference; lastKnownFileType = sourcecode.swift; path = LoginView.swift; sourceTree = "<group>"; };
		A80AA18F2D32740400402AE6 /* Assets.xcassets */ = {isa = PBXFileReference; lastKnownFileType = folder.assetcatalog; path = Assets.xcassets; sourceTree = "<group>"; };
		A80AA1922D32740400402AE6 /* Preview Assets.xcassets */ = {isa = PBXFileReference; lastKnownFileType = folder.assetcatalog; path = "Preview Assets.xcassets"; sourceTree = "<group>"; };
		A80AA19B2D335F2B00402AE6 /* ChatUser.swift */ = {isa = PBXFileReference; lastKnownFileType = sourcecode.swift; path = ChatUser.swift; sourceTree = "<group>"; };
		A80AA1A52D369BEB00402AE6 /* GoogleService-Info.plist */ = {isa = PBXFileReference; fileEncoding = 4; lastKnownFileType = text.plist.xml; path = "GoogleService-Info.plist"; sourceTree = "<group>"; };
		A80AA1A82D37540800402AE6 /* LoginViewModel.swift */ = {isa = PBXFileReference; lastKnownFileType = sourcecode.swift; path = LoginViewModel.swift; sourceTree = "<group>"; };
		A80AA1AA2D3B657600402AE6 /* AuthManager.swift */ = {isa = PBXFileReference; lastKnownFileType = sourcecode.swift; path = AuthManager.swift; sourceTree = "<group>"; };
		A80AA1AC2D3E916900402AE6 /* StorageManager.swift */ = {isa = PBXFileReference; lastKnownFileType = sourcecode.swift; path = StorageManager.swift; sourceTree = "<group>"; };
		A80AA1B82D44B60000402AE6 /* DatabaseManager.swift */ = {isa = PBXFileReference; lastKnownFileType = sourcecode.swift; path = DatabaseManager.swift; sourceTree = "<group>"; };
		A80AA1BA2D50F6EC00402AE6 /* MessageListView.swift */ = {isa = PBXFileReference; lastKnownFileType = sourcecode.swift; path = MessageListView.swift; sourceTree = "<group>"; };
		A80AA1BF2D52318C00402AE6 /* HomeTabView.swift */ = {isa = PBXFileReference; lastKnownFileType = sourcecode.swift; path = HomeTabView.swift; sourceTree = "<group>"; };
		A80AA1C12D5238AA00402AE6 /* FriendListView.swift */ = {isa = PBXFileReference; lastKnownFileType = sourcecode.swift; path = FriendListView.swift; sourceTree = "<group>"; };
		A80AA1C32D526A3F00402AE6 /* MessageListViewModel.swift */ = {isa = PBXFileReference; lastKnownFileType = sourcecode.swift; path = MessageListViewModel.swift; sourceTree = "<group>"; };
		A82755742D54611F00D9E8A8 /* SettingViewModel.swift */ = {isa = PBXFileReference; lastKnownFileType = sourcecode.swift; path = SettingViewModel.swift; sourceTree = "<group>"; };
		A83355D32D8332D1000B1ECA /* FriendListViewModel.swift */ = {isa = PBXFileReference; fileEncoding = 4; lastKnownFileType = sourcecode.swift; path = FriendListViewModel.swift; sourceTree = "<group>"; };
		A83355D52D85B5DE000B1ECA /* SwipeAction.swift */ = {isa = PBXFileReference; lastKnownFileType = sourcecode.swift; path = SwipeAction.swift; sourceTree = "<group>"; };
		A84A89CD2D72D4D200EA053F /* EditUserInfoView.swift */ = {isa = PBXFileReference; lastKnownFileType = sourcecode.swift; path = EditUserInfoView.swift; sourceTree = "<group>"; };
		A8670B5D2D833222007692FC /* DateFotmat.swift */ = {isa = PBXFileReference; fileEncoding = 4; lastKnownFileType = sourcecode.swift; path = DateFotmat.swift; sourceTree = "<group>"; };
		A8670B5E2D833222007692FC /* ScrollView.swift */ = {isa = PBXFileReference; fileEncoding = 4; lastKnownFileType = sourcecode.swift; path = ScrollView.swift; sourceTree = "<group>"; };
		A8670B622D833253007692FC /* ChatMessage.swift */ = {isa = PBXFileReference; fileEncoding = 4; lastKnownFileType = sourcecode.swift; path = ChatMessage.swift; sourceTree = "<group>"; };
		A8670B642D83326C007692FC /* SettingView.swift */ = {isa = PBXFileReference; fileEncoding = 4; lastKnownFileType = sourcecode.swift; path = SettingView.swift; sourceTree = "<group>"; };
		A8670B652D83326C007692FC /* ProfileView.swift */ = {isa = PBXFileReference; fileEncoding = 4; lastKnownFileType = sourcecode.swift; path = ProfileView.swift; sourceTree = "<group>"; };
		A8670B662D83326C007692FC /* NewMessageView.swift */ = {isa = PBXFileReference; fileEncoding = 4; lastKnownFileType = sourcecode.swift; path = NewMessageView.swift; sourceTree = "<group>"; };
		A8E60A832D57B2230030A203 /* NewMessageViewModel.swift */ = {isa = PBXFileReference; lastKnownFileType = sourcecode.swift; path = NewMessageViewModel.swift; sourceTree = "<group>"; };
		A8E60A8A2D5900640030A203 /* RegistrationView.swift */ = {isa = PBXFileReference; lastKnownFileType = sourcecode.swift; path = RegistrationView.swift; sourceTree = "<group>"; };
		A8E60A8F2D5BCC0B0030A203 /* ChatLogView.swift */ = {isa = PBXFileReference; lastKnownFileType = sourcecode.swift; path = ChatLogView.swift; sourceTree = "<group>"; };
		A8E60A912D5FA0CA0030A203 /* ChatLogViewModel.swift */ = {isa = PBXFileReference; lastKnownFileType = sourcecode.swift; path = ChatLogViewModel.swift; sourceTree = "<group>"; };
/* End PBXFileReference section */

/* Begin PBXFrameworksBuildPhase section */
		A80AA1852D32740300402AE6 /* Frameworks */ = {
			isa = PBXFrameworksBuildPhase;
			buildActionMask = 2147483647;
			files = (
				A8E60A8E2D5B9B380030A203 /* SDWebImageSwiftUI in Frameworks */,
				A80AA1A22D36540F00402AE6 /* FirebaseCore in Frameworks */,
				A8E60A892D58F42A0030A203 /* SDWebImageMapKit in Frameworks */,
				A80AA1B72D43F62F00402AE6 /* FirebaseStorageCombine-Community in Frameworks */,
				A8E60A872D58F42A0030A203 /* SDWebImage in Frameworks */,
				A80AA1A02D36540F00402AE6 /* FirebaseAuth in Frameworks */,
				A80AA1A42D36540F00402AE6 /* FirebaseStorage in Frameworks */,
				A80AA1B52D43F62F00402AE6 /* FirebaseFirestoreCombine-Community in Frameworks */,
				A80AA1B32D43F62F00402AE6 /* FirebaseFirestore in Frameworks */,
				A8E60A972D651E260030A203 /* FirebaseFunctions in Frameworks */,
				A80AA1B12D43F62F00402AE6 /* FirebaseAuthCombine-Community in Frameworks */,
				A8E60A992D651E260030A203 /* FirebaseFunctionsCombine-Community in Frameworks */,
			);
			runOnlyForDeploymentPostprocessing = 0;
		};
/* End PBXFrameworksBuildPhase section */

/* Begin PBXGroup section */
		A80AA17F2D32740300402AE6 = {
			isa = PBXGroup;
			children = (
				A80AA18A2D32740300402AE6 /* ChatApp */,
				A80AA1892D32740300402AE6 /* Products */,
			);
			sourceTree = "<group>";
		};
		A80AA1892D32740300402AE6 /* Products */ = {
			isa = PBXGroup;
			children = (
				A80AA1882D32740300402AE6 /* ChatApp.app */,
			);
			name = Products;
			sourceTree = "<group>";
		};
		A80AA18A2D32740300402AE6 /* ChatApp */ = {
			isa = PBXGroup;
			children = (
				A8670B5F2D833222007692FC /* Extension+Util */,
				A80AA19D2D335F3500402AE6 /* Networking */,
				A80AA19A2D32743500402AE6 /* Models */,
				A80AA1A72D373DCF00402AE6 /* ViewModel */,
				A80AA1992D32742500402AE6 /* View */,
				A80AA18B2D32740300402AE6 /* ChatAppApp.swift */,
				A80AA18F2D32740400402AE6 /* Assets.xcassets */,
				A80AA1A52D369BEB00402AE6 /* GoogleService-Info.plist */,
				A80AA1912D32740400402AE6 /* Preview Content */,
			);
			path = ChatApp;
			sourceTree = "<group>";
		};
		A80AA1912D32740400402AE6 /* Preview Content */ = {
			isa = PBXGroup;
			children = (
				A80AA1922D32740400402AE6 /* Preview Assets.xcassets */,
			);
			path = "Preview Content";
			sourceTree = "<group>";
		};
		A80AA1992D32742500402AE6 /* View */ = {
			isa = PBXGroup;
			children = (
				A80AA18D2D32740300402AE6 /* LoginView.swift */,
				A8E60A8A2D5900640030A203 /* RegistrationView.swift */,
				A82755762D5527D700D9E8A8 /* Core */,
				A867F39C2D6EBC7B0027D3AF /* Sub */,
			);
			path = View;
			sourceTree = "<group>";
		};
		A80AA19A2D32743500402AE6 /* Models */ = {
			isa = PBXGroup;
			children = (
				A8670B622D833253007692FC /* ChatMessage.swift */,
				A80AA19B2D335F2B00402AE6 /* ChatUser.swift */,
			);
			path = Models;
			sourceTree = "<group>";
		};
		A80AA19D2D335F3500402AE6 /* Networking */ = {
			isa = PBXGroup;
			children = (
				A80AA1AA2D3B657600402AE6 /* AuthManager.swift */,
				A80AA1AC2D3E916900402AE6 /* StorageManager.swift */,
				A80AA1B82D44B60000402AE6 /* DatabaseManager.swift */,
			);
			path = Networking;
			sourceTree = "<group>";
		};
		A80AA1A72D373DCF00402AE6 /* ViewModel */ = {
			isa = PBXGroup;
			children = (
				A83355D32D8332D1000B1ECA /* FriendListViewModel.swift */,
				A80AA1A82D37540800402AE6 /* LoginViewModel.swift */,
				A80AA1C32D526A3F00402AE6 /* MessageListViewModel.swift */,
				A82755742D54611F00D9E8A8 /* SettingViewModel.swift */,
				A8E60A832D57B2230030A203 /* NewMessageViewModel.swift */,
				A8E60A912D5FA0CA0030A203 /* ChatLogViewModel.swift */,
			);
			path = ViewModel;
			sourceTree = "<group>";
		};
		A82755762D5527D700D9E8A8 /* Core */ = {
			isa = PBXGroup;
			children = (
				A80AA1BF2D52318C00402AE6 /* HomeTabView.swift */,
				A80AA1BA2D50F6EC00402AE6 /* MessageListView.swift */,
				A8E60A8F2D5BCC0B0030A203 /* ChatLogView.swift */,
				A80AA1C12D5238AA00402AE6 /* FriendListView.swift */,
			);
			path = Core;
			sourceTree = "<group>";
		};
		A8670B5F2D833222007692FC /* Extension+Util */ = {
			isa = PBXGroup;
			children = (
				A8670B5D2D833222007692FC /* DateFotmat.swift */,
				A8670B5E2D833222007692FC /* ScrollView.swift */,
				A83355D52D85B5DE000B1ECA /* SwipeAction.swift */,
			);
			name = "Extension+Util";
			path = "ChatApp/Extension+Util";
			sourceTree = SOURCE_ROOT;
		};
		A867F39C2D6EBC7B0027D3AF /* Sub */ = {
			isa = PBXGroup;
			children = (
				A8670B662D83326C007692FC /* NewMessageView.swift */,
				A8670B652D83326C007692FC /* ProfileView.swift */,
				A8670B642D83326C007692FC /* SettingView.swift */,
				A84A89CD2D72D4D200EA053F /* EditUserInfoView.swift */,
			);
			path = Sub;
			sourceTree = "<group>";
		};
/* End PBXGroup section */

/* Begin PBXNativeTarget section */
		A80AA1872D32740300402AE6 /* ChatApp */ = {
			isa = PBXNativeTarget;
			buildConfigurationList = A80AA1962D32740400402AE6 /* Build configuration list for PBXNativeTarget "ChatApp" */;
			buildPhases = (
				A80AA1842D32740300402AE6 /* Sources */,
				A80AA1852D32740300402AE6 /* Frameworks */,
				A80AA1862D32740300402AE6 /* Resources */,
			);
			buildRules = (
			);
			dependencies = (
			);
			name = ChatApp;
			packageProductDependencies = (
				A80AA19F2D36540F00402AE6 /* FirebaseAuth */,
				A80AA1A12D36540F00402AE6 /* FirebaseCore */,
				A80AA1A32D36540F00402AE6 /* FirebaseStorage */,
				A80AA1B02D43F62F00402AE6 /* FirebaseAuthCombine-Community */,
				A80AA1B22D43F62F00402AE6 /* FirebaseFirestore */,
				A80AA1B42D43F62F00402AE6 /* FirebaseFirestoreCombine-Community */,
				A80AA1B62D43F62F00402AE6 /* FirebaseStorageCombine-Community */,
				A8E60A862D58F42A0030A203 /* SDWebImage */,
				A8E60A882D58F42A0030A203 /* SDWebImageMapKit */,
				A8E60A8D2D5B9B380030A203 /* SDWebImageSwiftUI */,
				A8E60A962D651E260030A203 /* FirebaseFunctions */,
				A8E60A982D651E260030A203 /* FirebaseFunctionsCombine-Community */,
			);
			productName = ChatApp;
			productReference = A80AA1882D32740300402AE6 /* ChatApp.app */;
			productType = "com.apple.product-type.application";
		};
/* End PBXNativeTarget section */

/* Begin PBXProject section */
		A80AA1802D32740300402AE6 /* Project object */ = {
			isa = PBXProject;
			attributes = {
				BuildIndependentTargetsInParallel = 1;
				LastSwiftUpdateCheck = 1530;
				LastUpgradeCheck = 1530;
				TargetAttributes = {
					A80AA1872D32740300402AE6 = {
						CreatedOnToolsVersion = 15.3;
					};
				};
			};
			buildConfigurationList = A80AA1832D32740300402AE6 /* Build configuration list for PBXProject "ChatApp" */;
			compatibilityVersion = "Xcode 14.0";
			developmentRegion = en;
			hasScannedForEncodings = 0;
			knownRegions = (
				en,
				Base,
			);
			mainGroup = A80AA17F2D32740300402AE6;
			packageReferences = (
				A80AA19E2D36540F00402AE6 /* XCRemoteSwiftPackageReference "firebase-ios-sdk" */,
				A8E60A852D58F42A0030A203 /* XCRemoteSwiftPackageReference "SDWebImage" */,
				A8E60A8C2D5B9B380030A203 /* XCRemoteSwiftPackageReference "SDWebImageSwiftUI" */,
			);
			productRefGroup = A80AA1892D32740300402AE6 /* Products */;
			projectDirPath = "";
			projectRoot = "";
			targets = (
				A80AA1872D32740300402AE6 /* ChatApp */,
			);
		};
/* End PBXProject section */

/* Begin PBXResourcesBuildPhase section */
		A80AA1862D32740300402AE6 /* Resources */ = {
			isa = PBXResourcesBuildPhase;
			buildActionMask = 2147483647;
			files = (
				A80AA1932D32740400402AE6 /* Preview Assets.xcassets in Resources */,
				A80AA1A62D369BEB00402AE6 /* GoogleService-Info.plist in Resources */,
				A80AA1902D32740400402AE6 /* Assets.xcassets in Resources */,
			);
			runOnlyForDeploymentPostprocessing = 0;
		};
/* End PBXResourcesBuildPhase section */

/* Begin PBXSourcesBuildPhase section */
		A80AA1842D32740300402AE6 /* Sources */ = {
			isa = PBXSourcesBuildPhase;
			buildActionMask = 2147483647;
			files = (
				A80AA1C02D52318C00402AE6 /* HomeTabView.swift in Sources */,
				A84A89CE2D72D4D300EA053F /* EditUserInfoView.swift in Sources */,
				A80AA1B92D44B60000402AE6 /* DatabaseManager.swift in Sources */,
				A80AA1AB2D3B657600402AE6 /* AuthManager.swift in Sources */,
				A8670B672D83326C007692FC /* SettingView.swift in Sources */,
				A82755752D54611F00D9E8A8 /* SettingViewModel.swift in Sources */,
				A80AA1A92D37540800402AE6 /* LoginViewModel.swift in Sources */,
				A8E60A922D5FA0CA0030A203 /* ChatLogViewModel.swift in Sources */,
				A8670B632D833253007692FC /* ChatMessage.swift in Sources */,
				A8670B692D83326C007692FC /* NewMessageView.swift in Sources */,
				A80AA18E2D32740300402AE6 /* LoginView.swift in Sources */,
				A8E60A8B2D5900640030A203 /* RegistrationView.swift in Sources */,
				A8670B612D833222007692FC /* ScrollView.swift in Sources */,
				A8E60A902D5BCC0B0030A203 /* ChatLogView.swift in Sources */,
				A80AA1BB2D50F6EC00402AE6 /* MessageListView.swift in Sources */,
				A80AA1AD2D3E916900402AE6 /* StorageManager.swift in Sources */,
				A8670B682D83326C007692FC /* ProfileView.swift in Sources */,
				A8E60A842D57B2230030A203 /* NewMessageViewModel.swift in Sources */,
				A80AA1C22D5238AA00402AE6 /* FriendListView.swift in Sources */,
				A80AA18C2D32740300402AE6 /* ChatAppApp.swift in Sources */,
				A83355D42D8332D1000B1ECA /* FriendListViewModel.swift in Sources */,
				A80AA1C42D526A3F00402AE6 /* MessageListViewModel.swift in Sources */,
				A8670B602D833222007692FC /* DateFotmat.swift in Sources */,
				A80AA19C2D335F2B00402AE6 /* ChatUser.swift in Sources */,
				A83355D62D85B5DE000B1ECA /* SwipeAction.swift in Sources */,
			);
			runOnlyForDeploymentPostprocessing = 0;
		};
/* End PBXSourcesBuildPhase section */

/* Begin XCBuildConfiguration section */
		A80AA1942D32740400402AE6 /* Debug */ = {
			isa = XCBuildConfiguration;
			buildSettings = {
				ALWAYS_SEARCH_USER_PATHS = NO;
				ASSETCATALOG_COMPILER_GENERATE_SWIFT_ASSET_SYMBOL_EXTENSIONS = YES;
				CLANG_ANALYZER_NONNULL = YES;
				CLANG_ANALYZER_NUMBER_OBJECT_CONVERSION = YES_AGGRESSIVE;
				CLANG_CXX_LANGUAGE_STANDARD = "gnu++20";
				CLANG_ENABLE_MODULES = YES;
				CLANG_ENABLE_OBJC_ARC = YES;
				CLANG_ENABLE_OBJC_WEAK = YES;
				CLANG_WARN_BLOCK_CAPTURE_AUTORELEASING = YES;
				CLANG_WARN_BOOL_CONVERSION = YES;
				CLANG_WARN_COMMA = YES;
				CLANG_WARN_CONSTANT_CONVERSION = YES;
				CLANG_WARN_DEPRECATED_OBJC_IMPLEMENTATIONS = YES;
				CLANG_WARN_DIRECT_OBJC_ISA_USAGE = YES_ERROR;
				CLANG_WARN_DOCUMENTATION_COMMENTS = YES;
				CLANG_WARN_EMPTY_BODY = YES;
				CLANG_WARN_ENUM_CONVERSION = YES;
				CLANG_WARN_INFINITE_RECURSION = YES;
				CLANG_WARN_INT_CONVERSION = YES;
				CLANG_WARN_NON_LITERAL_NULL_CONVERSION = YES;
				CLANG_WARN_OBJC_IMPLICIT_RETAIN_SELF = YES;
				CLANG_WARN_OBJC_LITERAL_CONVERSION = YES;
				CLANG_WARN_OBJC_ROOT_CLASS = YES_ERROR;
				CLANG_WARN_QUOTED_INCLUDE_IN_FRAMEWORK_HEADER = YES;
				CLANG_WARN_RANGE_LOOP_ANALYSIS = YES;
				CLANG_WARN_STRICT_PROTOTYPES = YES;
				CLANG_WARN_SUSPICIOUS_MOVE = YES;
				CLANG_WARN_UNGUARDED_AVAILABILITY = YES_AGGRESSIVE;
				CLANG_WARN_UNREACHABLE_CODE = YES;
				CLANG_WARN__DUPLICATE_METHOD_MATCH = YES;
				COPY_PHASE_STRIP = NO;
				DEBUG_INFORMATION_FORMAT = dwarf;
				ENABLE_STRICT_OBJC_MSGSEND = YES;
				ENABLE_TESTABILITY = YES;
				ENABLE_USER_SCRIPT_SANDBOXING = YES;
				GCC_C_LANGUAGE_STANDARD = gnu17;
				GCC_DYNAMIC_NO_PIC = NO;
				GCC_NO_COMMON_BLOCKS = YES;
				GCC_OPTIMIZATION_LEVEL = 0;
				GCC_PREPROCESSOR_DEFINITIONS = (
					"DEBUG=1",
					"$(inherited)",
				);
				GCC_WARN_64_TO_32_BIT_CONVERSION = YES;
				GCC_WARN_ABOUT_RETURN_TYPE = YES_ERROR;
				GCC_WARN_UNDECLARED_SELECTOR = YES;
				GCC_WARN_UNINITIALIZED_AUTOS = YES_AGGRESSIVE;
				GCC_WARN_UNUSED_FUNCTION = YES;
				GCC_WARN_UNUSED_VARIABLE = YES;
				IPHONEOS_DEPLOYMENT_TARGET = 17.4;
				LOCALIZATION_PREFERS_STRING_CATALOGS = YES;
				MTL_ENABLE_DEBUG_INFO = INCLUDE_SOURCE;
				MTL_FAST_MATH = YES;
				ONLY_ACTIVE_ARCH = YES;
				SDKROOT = iphoneos;
				SWIFT_ACTIVE_COMPILATION_CONDITIONS = "DEBUG $(inherited)";
				SWIFT_OPTIMIZATION_LEVEL = "-Onone";
			};
			name = Debug;
		};
		A80AA1952D32740400402AE6 /* Release */ = {
			isa = XCBuildConfiguration;
			buildSettings = {
				ALWAYS_SEARCH_USER_PATHS = NO;
				ASSETCATALOG_COMPILER_GENERATE_SWIFT_ASSET_SYMBOL_EXTENSIONS = YES;
				CLANG_ANALYZER_NONNULL = YES;
				CLANG_ANALYZER_NUMBER_OBJECT_CONVERSION = YES_AGGRESSIVE;
				CLANG_CXX_LANGUAGE_STANDARD = "gnu++20";
				CLANG_ENABLE_MODULES = YES;
				CLANG_ENABLE_OBJC_ARC = YES;
				CLANG_ENABLE_OBJC_WEAK = YES;
				CLANG_WARN_BLOCK_CAPTURE_AUTORELEASING = YES;
				CLANG_WARN_BOOL_CONVERSION = YES;
				CLANG_WARN_COMMA = YES;
				CLANG_WARN_CONSTANT_CONVERSION = YES;
				CLANG_WARN_DEPRECATED_OBJC_IMPLEMENTATIONS = YES;
				CLANG_WARN_DIRECT_OBJC_ISA_USAGE = YES_ERROR;
				CLANG_WARN_DOCUMENTATION_COMMENTS = YES;
				CLANG_WARN_EMPTY_BODY = YES;
				CLANG_WARN_ENUM_CONVERSION = YES;
				CLANG_WARN_INFINITE_RECURSION = YES;
				CLANG_WARN_INT_CONVERSION = YES;
				CLANG_WARN_NON_LITERAL_NULL_CONVERSION = YES;
				CLANG_WARN_OBJC_IMPLICIT_RETAIN_SELF = YES;
				CLANG_WARN_OBJC_LITERAL_CONVERSION = YES;
				CLANG_WARN_OBJC_ROOT_CLASS = YES_ERROR;
				CLANG_WARN_QUOTED_INCLUDE_IN_FRAMEWORK_HEADER = YES;
				CLANG_WARN_RANGE_LOOP_ANALYSIS = YES;
				CLANG_WARN_STRICT_PROTOTYPES = YES;
				CLANG_WARN_SUSPICIOUS_MOVE = YES;
				CLANG_WARN_UNGUARDED_AVAILABILITY = YES_AGGRESSIVE;
				CLANG_WARN_UNREACHABLE_CODE = YES;
				CLANG_WARN__DUPLICATE_METHOD_MATCH = YES;
				COPY_PHASE_STRIP = NO;
				DEBUG_INFORMATION_FORMAT = "dwarf-with-dsym";
				ENABLE_NS_ASSERTIONS = NO;
				ENABLE_STRICT_OBJC_MSGSEND = YES;
				ENABLE_USER_SCRIPT_SANDBOXING = YES;
				GCC_C_LANGUAGE_STANDARD = gnu17;
				GCC_NO_COMMON_BLOCKS = YES;
				GCC_WARN_64_TO_32_BIT_CONVERSION = YES;
				GCC_WARN_ABOUT_RETURN_TYPE = YES_ERROR;
				GCC_WARN_UNDECLARED_SELECTOR = YES;
				GCC_WARN_UNINITIALIZED_AUTOS = YES_AGGRESSIVE;
				GCC_WARN_UNUSED_FUNCTION = YES;
				GCC_WARN_UNUSED_VARIABLE = YES;
				IPHONEOS_DEPLOYMENT_TARGET = 17.4;
				LOCALIZATION_PREFERS_STRING_CATALOGS = YES;
				MTL_ENABLE_DEBUG_INFO = NO;
				MTL_FAST_MATH = YES;
				SDKROOT = iphoneos;
				SWIFT_COMPILATION_MODE = wholemodule;
				VALIDATE_PRODUCT = YES;
			};
			name = Release;
		};
		A80AA1972D32740400402AE6 /* Debug */ = {
			isa = XCBuildConfiguration;
			buildSettings = {
				ASSETCATALOG_COMPILER_APPICON_NAME = AppIcon;
				ASSETCATALOG_COMPILER_GLOBAL_ACCENT_COLOR_NAME = AccentColor;
				CODE_SIGN_STYLE = Automatic;
				CURRENT_PROJECT_VERSION = 1;
				DEVELOPMENT_ASSET_PATHS = "\"ChatApp/Preview Content\"";
				DEVELOPMENT_TEAM = AK7S865VNK;
				ENABLE_PREVIEWS = YES;
				GENERATE_INFOPLIST_FILE = YES;
				INFOPLIST_FILE = ChatApp/Info.plist;
				INFOPLIST_KEY_NSPhotoLibraryUsageDescription = "사진을 찾기 위해 권한이 필요합니다.";
				INFOPLIST_KEY_UIApplicationSceneManifest_Generation = YES;
				INFOPLIST_KEY_UIApplicationSupportsIndirectInputEvents = YES;
				INFOPLIST_KEY_UILaunchScreen_Generation = YES;
				INFOPLIST_KEY_UISupportedInterfaceOrientations_iPad = "UIInterfaceOrientationPortrait UIInterfaceOrientationPortraitUpsideDown UIInterfaceOrientationLandscapeLeft UIInterfaceOrientationLandscapeRight";
				INFOPLIST_KEY_UISupportedInterfaceOrientations_iPhone = "UIInterfaceOrientationPortrait UIInterfaceOrientationLandscapeLeft UIInterfaceOrientationLandscapeRight";
				LD_RUNPATH_SEARCH_PATHS = (
					"$(inherited)",
					"@executable_path/Frameworks",
				);
				MARKETING_VERSION = 1.0;
				PRODUCT_BUNDLE_IDENTIFIER = G2.ChatApp;
				PRODUCT_NAME = "$(TARGET_NAME)";
				SWIFT_EMIT_LOC_STRINGS = YES;
				SWIFT_VERSION = 5.0;
				TARGETED_DEVICE_FAMILY = "1,2";
			};
			name = Debug;
		};
		A80AA1982D32740400402AE6 /* Release */ = {
			isa = XCBuildConfiguration;
			buildSettings = {
				ASSETCATALOG_COMPILER_APPICON_NAME = AppIcon;
				ASSETCATALOG_COMPILER_GLOBAL_ACCENT_COLOR_NAME = AccentColor;
				CODE_SIGN_STYLE = Automatic;
				CURRENT_PROJECT_VERSION = 1;
				DEVELOPMENT_ASSET_PATHS = "\"ChatApp/Preview Content\"";
				DEVELOPMENT_TEAM = "";
				ENABLE_PREVIEWS = YES;
				GENERATE_INFOPLIST_FILE = YES;
				INFOPLIST_FILE = ChatApp/Info.plist;
				INFOPLIST_KEY_NSPhotoLibraryUsageDescription = "사진을 찾기 위해 권한이 필요합니다.";
				INFOPLIST_KEY_UIApplicationSceneManifest_Generation = YES;
				INFOPLIST_KEY_UIApplicationSupportsIndirectInputEvents = YES;
				INFOPLIST_KEY_UILaunchScreen_Generation = YES;
				INFOPLIST_KEY_UISupportedInterfaceOrientations_iPad = "UIInterfaceOrientationPortrait UIInterfaceOrientationPortraitUpsideDown UIInterfaceOrientationLandscapeLeft UIInterfaceOrientationLandscapeRight";
				INFOPLIST_KEY_UISupportedInterfaceOrientations_iPhone = "UIInterfaceOrientationPortrait UIInterfaceOrientationLandscapeLeft UIInterfaceOrientationLandscapeRight";
				LD_RUNPATH_SEARCH_PATHS = (
					"$(inherited)",
					"@executable_path/Frameworks",
				);
				MARKETING_VERSION = 1.0;
				PRODUCT_BUNDLE_IDENTIFIER = G2.ChatApp;
				PRODUCT_NAME = "$(TARGET_NAME)";
				SWIFT_EMIT_LOC_STRINGS = YES;
				SWIFT_VERSION = 5.0;
				TARGETED_DEVICE_FAMILY = "1,2";
			};
			name = Release;
		};
/* End XCBuildConfiguration section */

/* Begin XCConfigurationList section */
		A80AA1832D32740300402AE6 /* Build configuration list for PBXProject "ChatApp" */ = {
			isa = XCConfigurationList;
			buildConfigurations = (
				A80AA1942D32740400402AE6 /* Debug */,
				A80AA1952D32740400402AE6 /* Release */,
			);
			defaultConfigurationIsVisible = 0;
			defaultConfigurationName = Release;
		};
		A80AA1962D32740400402AE6 /* Build configuration list for PBXNativeTarget "ChatApp" */ = {
			isa = XCConfigurationList;
			buildConfigurations = (
				A80AA1972D32740400402AE6 /* Debug */,
				A80AA1982D32740400402AE6 /* Release */,
			);
			defaultConfigurationIsVisible = 0;
			defaultConfigurationName = Release;
		};
/* End XCConfigurationList section */

/* Begin XCRemoteSwiftPackageReference section */
		A80AA19E2D36540F00402AE6 /* XCRemoteSwiftPackageReference "firebase-ios-sdk" */ = {
			isa = XCRemoteSwiftPackageReference;
			repositoryURL = "https://github.com/firebase/firebase-ios-sdk.git";
			requirement = {
				kind = upToNextMajorVersion;
				minimumVersion = 11.7.0;
			};
		};
		A8E60A852D58F42A0030A203 /* XCRemoteSwiftPackageReference "SDWebImage" */ = {
			isa = XCRemoteSwiftPackageReference;
			repositoryURL = "https://github.com/SDWebImage/SDWebImage.git";
			requirement = {
				kind = upToNextMajorVersion;
				minimumVersion = 5.20.0;
			};
		};
		A8E60A8C2D5B9B380030A203 /* XCRemoteSwiftPackageReference "SDWebImageSwiftUI" */ = {
			isa = XCRemoteSwiftPackageReference;
			repositoryURL = "https://github.com/SDWebImage/SDWebImageSwiftUI";
			requirement = {
				kind = upToNextMajorVersion;
				minimumVersion = 3.1.3;
			};
		};
/* End XCRemoteSwiftPackageReference section */

/* Begin XCSwiftPackageProductDependency section */
		A80AA19F2D36540F00402AE6 /* FirebaseAuth */ = {
			isa = XCSwiftPackageProductDependency;
			package = A80AA19E2D36540F00402AE6 /* XCRemoteSwiftPackageReference "firebase-ios-sdk" */;
			productName = FirebaseAuth;
		};
		A80AA1A12D36540F00402AE6 /* FirebaseCore */ = {
			isa = XCSwiftPackageProductDependency;
			package = A80AA19E2D36540F00402AE6 /* XCRemoteSwiftPackageReference "firebase-ios-sdk" */;
			productName = FirebaseCore;
		};
		A80AA1A32D36540F00402AE6 /* FirebaseStorage */ = {
			isa = XCSwiftPackageProductDependency;
			package = A80AA19E2D36540F00402AE6 /* XCRemoteSwiftPackageReference "firebase-ios-sdk" */;
			productName = FirebaseStorage;
		};
		A80AA1B02D43F62F00402AE6 /* FirebaseAuthCombine-Community */ = {
			isa = XCSwiftPackageProductDependency;
			package = A80AA19E2D36540F00402AE6 /* XCRemoteSwiftPackageReference "firebase-ios-sdk" */;
			productName = "FirebaseAuthCombine-Community";
		};
		A80AA1B22D43F62F00402AE6 /* FirebaseFirestore */ = {
			isa = XCSwiftPackageProductDependency;
			package = A80AA19E2D36540F00402AE6 /* XCRemoteSwiftPackageReference "firebase-ios-sdk" */;
			productName = FirebaseFirestore;
		};
		A80AA1B42D43F62F00402AE6 /* FirebaseFirestoreCombine-Community */ = {
			isa = XCSwiftPackageProductDependency;
			package = A80AA19E2D36540F00402AE6 /* XCRemoteSwiftPackageReference "firebase-ios-sdk" */;
			productName = "FirebaseFirestoreCombine-Community";
		};
		A80AA1B62D43F62F00402AE6 /* FirebaseStorageCombine-Community */ = {
			isa = XCSwiftPackageProductDependency;
			package = A80AA19E2D36540F00402AE6 /* XCRemoteSwiftPackageReference "firebase-ios-sdk" */;
			productName = "FirebaseStorageCombine-Community";
		};
		A8E60A862D58F42A0030A203 /* SDWebImage */ = {
			isa = XCSwiftPackageProductDependency;
			package = A8E60A852D58F42A0030A203 /* XCRemoteSwiftPackageReference "SDWebImage" */;
			productName = SDWebImage;
		};
		A8E60A882D58F42A0030A203 /* SDWebImageMapKit */ = {
			isa = XCSwiftPackageProductDependency;
			package = A8E60A852D58F42A0030A203 /* XCRemoteSwiftPackageReference "SDWebImage" */;
			productName = SDWebImageMapKit;
		};
		A8E60A8D2D5B9B380030A203 /* SDWebImageSwiftUI */ = {
			isa = XCSwiftPackageProductDependency;
			package = A8E60A8C2D5B9B380030A203 /* XCRemoteSwiftPackageReference "SDWebImageSwiftUI" */;
			productName = SDWebImageSwiftUI;
		};
		A8E60A962D651E260030A203 /* FirebaseFunctions */ = {
			isa = XCSwiftPackageProductDependency;
			package = A80AA19E2D36540F00402AE6 /* XCRemoteSwiftPackageReference "firebase-ios-sdk" */;
			productName = FirebaseFunctions;
		};
		A8E60A982D651E260030A203 /* FirebaseFunctionsCombine-Community */ = {
			isa = XCSwiftPackageProductDependency;
			package = A80AA19E2D36540F00402AE6 /* XCRemoteSwiftPackageReference "firebase-ios-sdk" */;
			productName = "FirebaseFunctionsCombine-Community";
		};
/* End XCSwiftPackageProductDependency section */
	};
	rootObject = A80AA1802D32740300402AE6 /* Project object */;
}
